
Microsoft Visual Studio Solution File, Format Version 12.00
# Visual Studio 14
VisualStudioVersion = 14.0.25420.1
MinimumVisualStudioVersion = 10.0.40219.1
Project("{FAE04EC0-301F-11D3-BF4B-00C04F79EFBC}") = "OperasyonYonetimSistemi", "OperasyonYonetimSistemi\OperasyonYonetimSistemi.csproj", "{54236A48-6984-4683-B78B-87927F7973D4}"
EndProject
Project("{FAE04EC0-301F-11D3-BF4B-00C04F79EFBC}") = "CalisanBilgiEkrani", "CalisanBilgiEkrani\CalisanBilgiEkrani.csproj", "{A2C78A1B-B22A-40C0-8E30-B44F7755E3BE}"
EndProject
Project("{FAE04EC0-301F-11D3-BF4B-00C04F79EFBC}") = "ErtelenenIsler", "ErtelenenIsler\ErtelenenIsler.csproj", "{CA937C44-E864-4493-8281-8B209D79FF70}"
EndProject
Global
	GlobalSection(SolutionConfigurationPlatforms) = preSolution
		Debug|Any CPU = Debug|Any CPU
		Release|Any CPU = Release|Any CPU
	EndGlobalSection
	GlobalSection(ProjectConfigurationPlatforms) = postSolution
		{54236A48-6984-4683-B78B-87927F7973D4}.Debug|Any CPU.ActiveCfg = Debug|Any CPU
		{54236A48-6984-4683-B78B-87927F7973D4}.Debug|Any CPU.Build.0 = Debug|Any CPU
		{54236A48-6984-4683-B78B-87927F7973D4}.Release|Any CPU.ActiveCfg = Release|Any CPU
		{54236A48-6984-4683-B78B-87927F7973D4}.Release|Any CPU.Build.0 = Release|Any CPU
		{A2C78A1B-B22A-40C0-8E30-B44F7755E3BE}.Debug|Any CPU.ActiveCfg = Debug|Any CPU
		{A2C78A1B-B22A-40C0-8E30-B44F7755E3BE}.Debug|Any CPU.Build.0 = Debug|Any CPU
		{A2C78A1B-B22A-40C0-8E30-B44F7755E3BE}.Release|Any CPU.ActiveCfg = Release|Any CPU
		{A2C78A1B-B22A-40C0-8E30-B44F7755E3BE}.Release|Any CPU.Build.0 = Release|Any CPU
		{CA937C44-E864-4493-8281-8B209D79FF70}.Debug|Any CPU.ActiveCfg = Debug|Any CPU
		{CA937C44-E864-4493-8281-8B209D79FF70}.Debug|Any CPU.Build.0 = Debug|Any CPU
		{CA937C44-E864-4493-8281-8B209D79FF70}.Release|Any CPU.ActiveCfg = Release|Any CPU
		{CA937C44-E864-4493-8281-8B209D79FF70}.Release|Any CPU.Build.0 = Release|Any CPU
	EndGlobalSection
	GlobalSection(SolutionProperties) = preSolution
		HideSolutionNode = FALSE
	EndGlobalSection
EndGlobal
